// !$*UTF8*$!
{
	archiveVersion = 1;
	classes = {
	};
	objectVersion = 50;
	objects = {

/* Begin PBXBuildFile section */
		956156C523FE8AA5006A59F2 /* KVOViewController.m in Sources */ = {isa = PBXBuildFile; fileRef = 956156C323FE8AA5006A59F2 /* KVOViewController.m */; };
		956156C623FE8AA5006A59F2 /* KVOViewController.xib in Resources */ = {isa = PBXBuildFile; fileRef = 956156C423FE8AA5006A59F2 /* KVOViewController.xib */; };
		956156C923FE8B33006A59F2 /* Person.m in Sources */ = {isa = PBXBuildFile; fileRef = 956156C823FE8B33006A59F2 /* Person.m */; };
		956888D323FC02C00079B5CA /* AppDelegate.m in Sources */ = {isa = PBXBuildFile; fileRef = 956888D223FC02C00079B5CA /* AppDelegate.m */; };
		956888DE23FC02C20079B5CA /* Assets.xcassets in Resources */ = {isa = PBXBuildFile; fileRef = 956888DD23FC02C20079B5CA /* Assets.xcassets */; };
		956888E123FC02C20079B5CA /* LaunchScreen.storyboard in Resources */ = {isa = PBXBuildFile; fileRef = 956888DF23FC02C20079B5CA /* LaunchScreen.storyboard */; };
		956888E423FC02C20079B5CA /* main.m in Sources */ = {isa = PBXBuildFile; fileRef = 956888E323FC02C20079B5CA /* main.m */; };
		956888ED23FC03970079B5CA /* RootViewController.m in Sources */ = {isa = PBXBuildFile; fileRef = 956888EB23FC03970079B5CA /* RootViewController.m */; };
		956888EE23FC03970079B5CA /* RootViewController.xib in Resources */ = {isa = PBXBuildFile; fileRef = 956888EC23FC03970079B5CA /* RootViewController.xib */; };
		956888F223FC04A40079B5CA /* NSObject+BLKVO.m in Sources */ = {isa = PBXBuildFile; fileRef = 956888F023FC04A40079B5CA /* NSObject+BLKVO.m */; };
		956888F523FC2C3B0079B5CA /* NSObject+BLKVOIMP.m in Sources */ = {isa = PBXBuildFile; fileRef = 956888F423FC2C3B0079B5CA /* NSObject+BLKVOIMP.m */; };
		956888FB23FC3C1D0079B5CA /* BLKVOInfo.m in Sources */ = {isa = PBXBuildFile; fileRef = 956888FA23FC3C1D0079B5CA /* BLKVOInfo.m */; };
/* End PBXBuildFile section */

/* Begin PBXFileReference section */
		956156C223FE8AA5006A59F2 /* KVOViewController.h */ = {isa = PBXFileReference; lastKnownFileType = sourcecode.c.h; path = KVOViewController.h; sourceTree = "<group>"; };
		956156C323FE8AA5006A59F2 /* KVOViewController.m */ = {isa = PBXFileReference; lastKnownFileType = sourcecode.c.objc; path = KVOViewController.m; sourceTree = "<group>"; };
		956156C423FE8AA5006A59F2 /* KVOViewController.xib */ = {isa = PBXFileReference; lastKnownFileType = file.xib; path = KVOViewController.xib; sourceTree = "<group>"; };
		956156C723FE8B33006A59F2 /* Person.h */ = {isa = PBXFileReference; lastKnownFileType = sourcecode.c.h; path = Person.h; sourceTree = "<group>"; };
		956156C823FE8B33006A59F2 /* Person.m */ = {isa = PBXFileReference; lastKnownFileType = sourcecode.c.objc; path = Person.m; sourceTree = "<group>"; };
		956888CE23FC02C00079B5CA /* BLKVO.app */ = {isa = PBXFileReference; explicitFileType = wrapper.application; includeInIndex = 0; path = BLKVO.app; sourceTree = BUILT_PRODUCTS_DIR; };
		956888D123FC02C00079B5CA /* AppDelegate.h */ = {isa = PBXFileReference; lastKnownFileType = sourcecode.c.h; path = AppDelegate.h; sourceTree = "<group>"; };
		956888D223FC02C00079B5CA /* AppDelegate.m */ = {isa = PBXFileReference; lastKnownFileType = sourcecode.c.objc; path = AppDelegate.m; sourceTree = "<group>"; };
		956888DD23FC02C20079B5CA /* Assets.xcassets */ = {isa = PBXFileReference; lastKnownFileType = folder.assetcatalog; path = Assets.xcassets; sourceTree = "<group>"; };
		956888E023FC02C20079B5CA /* Base */ = {isa = PBXFileReference; lastKnownFileType = file.storyboard; name = Base; path = Base.lproj/LaunchScreen.storyboard; sourceTree = "<group>"; };
		956888E223FC02C20079B5CA /* Info.plist */ = {isa = PBXFileReference; lastKnownFileType = text.plist.xml; path = Info.plist; sourceTree = "<group>"; };
		956888E323FC02C20079B5CA /* main.m */ = {isa = PBXFileReference; lastKnownFileType = sourcecode.c.objc; path = main.m; sourceTree = "<group>"; };
		956888EA23FC03970079B5CA /* RootViewController.h */ = {isa = PBXFileReference; lastKnownFileType = sourcecode.c.h; path = RootViewController.h; sourceTree = "<group>"; };
		956888EB23FC03970079B5CA /* RootViewController.m */ = {isa = PBXFileReference; lastKnownFileType = sourcecode.c.objc; path = RootViewController.m; sourceTree = "<group>"; };
		956888EC23FC03970079B5CA /* RootViewController.xib */ = {isa = PBXFileReference; lastKnownFileType = file.xib; path = RootViewController.xib; sourceTree = "<group>"; };
		956888F023FC04A40079B5CA /* NSObject+BLKVO.m */ = {isa = PBXFileReference; fileEncoding = 4; lastKnownFileType = sourcecode.c.objc; path = "NSObject+BLKVO.m"; sourceTree = "<group>"; };
		956888F123FC04A40079B5CA /* NSObject+BLKVO.h */ = {isa = PBXFileReference; fileEncoding = 4; lastKnownFileType = sourcecode.c.h; path = "NSObject+BLKVO.h"; sourceTree = "<group>"; };
		956888F323FC2C3B0079B5CA /* NSObject+BLKVOIMP.h */ = {isa = PBXFileReference; lastKnownFileType = sourcecode.c.h; path = "NSObject+BLKVOIMP.h"; sourceTree = "<group>"; };
		956888F423FC2C3B0079B5CA /* NSObject+BLKVOIMP.m */ = {isa = PBXFileReference; lastKnownFileType = sourcecode.c.objc; path = "NSObject+BLKVOIMP.m"; sourceTree = "<group>"; };
		956888F923FC3C1D0079B5CA /* BLKVOInfo.h */ = {isa = PBXFileReference; lastKnownFileType = sourcecode.c.h; path = BLKVOInfo.h; sourceTree = "<group>"; };
		956888FA23FC3C1D0079B5CA /* BLKVOInfo.m */ = {isa = PBXFileReference; lastKnownFileType = sourcecode.c.objc; path = BLKVOInfo.m; sourceTree = "<group>"; };
/* End PBXFileReference section */

/* Begin PBXFrameworksBuildPhase section */
		956888CB23FC02C00079B5CA /* Frameworks */ = {
			isa = PBXFrameworksBuildPhase;
			buildActionMask = 2147483647;
			files = (
			);
			runOnlyForDeploymentPostprocessing = 0;
		};
/* End PBXFrameworksBuildPhase section */

/* Begin PBXGroup section */
		956888C523FC02C00079B5CA = {
			isa = PBXGroup;
			children = (
				956888D023FC02C00079B5CA /* BLKVO */,
				956888CF23FC02C00079B5CA /* Products */,
			);
			sourceTree = "<group>";
		};
		956888CF23FC02C00079B5CA /* Products */ = {
			isa = PBXGroup;
			children = (
				956888CE23FC02C00079B5CA /* BLKVO.app */,
			);
			name = Products;
			sourceTree = "<group>";
		};
		956888D023FC02C00079B5CA /* BLKVO */ = {
			isa = PBXGroup;
			children = (
				956888EF23FC04490079B5CA /* BLKVO */,
				956888D123FC02C00079B5CA /* AppDelegate.h */,
				956888D223FC02C00079B5CA /* AppDelegate.m */,
				956888DD23FC02C20079B5CA /* Assets.xcassets */,
				956888DF23FC02C20079B5CA /* LaunchScreen.storyboard */,
				956888E223FC02C20079B5CA /* Info.plist */,
				956888E323FC02C20079B5CA /* main.m */,
				956888EA23FC03970079B5CA /* RootViewController.h */,
				956888EB23FC03970079B5CA /* RootViewController.m */,
				956888EC23FC03970079B5CA /* RootViewController.xib */,
				956156C223FE8AA5006A59F2 /* KVOViewController.h */,
				956156C323FE8AA5006A59F2 /* KVOViewController.m */,
				956156C423FE8AA5006A59F2 /* KVOViewController.xib */,
				956156C723FE8B33006A59F2 /* Person.h */,
				956156C823FE8B33006A59F2 /* Person.m */,
			);
			path = BLKVO;
			sourceTree = "<group>";
		};
		956888EF23FC04490079B5CA /* BLKVO */ = {
			isa = PBXGroup;
			children = (
				956888F123FC04A40079B5CA /* NSObject+BLKVO.h */,
				956888F023FC04A40079B5CA /* NSObject+BLKVO.m */,
				956888F323FC2C3B0079B5CA /* NSObject+BLKVOIMP.h */,
				956888F423FC2C3B0079B5CA /* NSObject+BLKVOIMP.m */,
				956888F923FC3C1D0079B5CA /* BLKVOInfo.h */,
				956888FA23FC3C1D0079B5CA /* BLKVOInfo.m */,
			);
			path = BLKVO;
			sourceTree = "<group>";
		};
/* End PBXGroup section */

/* Begin PBXNativeTarget section */
		956888CD23FC02C00079B5CA /* BLKVO */ = {
			isa = PBXNativeTarget;
			buildConfigurationList = 956888E723FC02C20079B5CA /* Build configuration list for PBXNativeTarget "BLKVO" */;
			buildPhases = (
				956888CA23FC02C00079B5CA /* Sources */,
				956888CB23FC02C00079B5CA /* Frameworks */,
				956888CC23FC02C00079B5CA /* Resources */,
			);
			buildRules = (
			);
			dependencies = (
			);
			name = BLKVO;
			productName = BLKVO;
			productReference = 956888CE23FC02C00079B5CA /* BLKVO.app */;
			productType = "com.apple.product-type.application";
		};
/* End PBXNativeTarget section */

/* Begin PBXProject section */
		956888C623FC02C00079B5CA /* Project object */ = {
			isa = PBXProject;
			attributes = {
				LastUpgradeCheck = 1130;
				ORGANIZATIONNAME = Louis.B;
				TargetAttributes = {
					956888CD23FC02C00079B5CA = {
						CreatedOnToolsVersion = 11.3.1;
					};
				};
			};
			buildConfigurationList = 956888C923FC02C00079B5CA /* Build configuration list for PBXProject "BLKVO" */;
			compatibilityVersion = "Xcode 9.3";
			developmentRegion = en;
			hasScannedForEncodings = 0;
			knownRegions = (
				en,
				Base,
			);
			mainGroup = 956888C523FC02C00079B5CA;
			productRefGroup = 956888CF23FC02C00079B5CA /* Products */;
			projectDirPath = "";
			projectRoot = "";
			targets = (
				956888CD23FC02C00079B5CA /* BLKVO */,
			);
		};
/* End PBXProject section */

/* Begin PBXResourcesBuildPhase section */
		956888CC23FC02C00079B5CA /* Resources */ = {
			isa = PBXResourcesBuildPhase;
			buildActionMask = 2147483647;
			files = (
				956888E123FC02C20079B5CA /* LaunchScreen.storyboard in Resources */,
				956156C623FE8AA5006A59F2 /* KVOViewController.xib in Resources */,
				956888DE23FC02C20079B5CA /* Assets.xcassets in Resources */,
				956888EE23FC03970079B5CA /* RootViewController.xib in Resources */,
			);
			runOnlyForDeploymentPostprocessing = 0;
		};
/* End PBXResourcesBuildPhase section */

/* Begin PBXSourcesBuildPhase section */
		956888CA23FC02C00079B5CA /* Sources */ = {
			isa = PBXSourcesBuildPhase;
			buildActionMask = 2147483647;
			files = (
				956888F223FC04A40079B5CA /* NSObject+BLKVO.m in Sources */,
				956888D323FC02C00079B5CA /* AppDelegate.m in Sources */,
				956888F523FC2C3B0079B5CA /* NSObject+BLKVOIMP.m in Sources */,
				956888FB23FC3C1D0079B5CA /* BLKVOInfo.m in Sources */,
				956156C523FE8AA5006A59F2 /* KVOViewController.m in Sources */,
				956156C923FE8B33006A59F2 /* Person.m in Sources */,
				956888E423FC02C20079B5CA /* main.m in Sources */,
				956888ED23FC03970079B5CA /* RootViewController.m in Sources */,
			);
			runOnlyForDeploymentPostprocessing = 0;
		};
/* End PBXSourcesBuildPhase section */

/* Begin PBXVariantGroup section */
		956888DF23FC02C20079B5CA /* LaunchScreen.storyboard */ = {
			isa = PBXVariantGroup;
			children = (
				956888E023FC02C20079B5CA /* Base */,
			);
			name = LaunchScreen.storyboard;
			sourceTree = "<group>";
		};
/* End PBXVariantGroup section */

/* Begin XCBuildConfiguration section */
		956888E523FC02C20079B5CA /* Debug */ = {
			isa = XCBuildConfiguration;
			buildSettings = {
				ALWAYS_SEARCH_USER_PATHS = NO;
				CLANG_ANALYZER_NONNULL = YES;
				CLANG_ANALYZER_NUMBER_OBJECT_CONVERSION = YES_AGGRESSIVE;
				CLANG_CXX_LANGUAGE_STANDARD = "gnu++14";
				CLANG_CXX_LIBRARY = "libc++";
				CLANG_ENABLE_MODULES = YES;
				CLANG_ENABLE_OBJC_ARC = YES;
				CLANG_ENABLE_OBJC_WEAK = YES;
				CLANG_WARN_BLOCK_CAPTURE_AUTORELEASING = YES;
				CLANG_WARN_BOOL_CONVERSION = YES;
				CLANG_WARN_COMMA = YES;
				CLANG_WARN_CONSTANT_CONVERSION = YES;
				CLANG_WARN_DEPRECATED_OBJC_IMPLEMENTATIONS = YES;
				CLANG_WARN_DIRECT_OBJC_ISA_USAGE = YES_ERROR;
				CLANG_WARN_DOCUMENTATION_COMMENTS = YES;
				CLANG_WARN_EMPTY_BODY = YES;
				CLANG_WARN_ENUM_CONVERSION = YES;
				CLANG_WARN_INFINITE_RECURSION = YES;
				CLANG_WARN_INT_CONVERSION = YES;
				CLANG_WARN_NON_LITERAL_NULL_CONVERSION = YES;
				CLANG_WARN_OBJC_IMPLICIT_RETAIN_SELF = YES;
				CLANG_WARN_OBJC_LITERAL_CONVERSION = YES;
				CLANG_WARN_OBJC_ROOT_CLASS = YES_ERROR;
				CLANG_WARN_RANGE_LOOP_ANALYSIS = YES;
				CLANG_WARN_STRICT_PROTOTYPES = YES;
				CLANG_WARN_SUSPICIOUS_MOVE = YES;
				CLANG_WARN_UNGUARDED_AVAILABILITY = YES_AGGRESSIVE;
				CLANG_WARN_UNREACHABLE_CODE = YES;
				CLANG_WARN__DUPLICATE_METHOD_MATCH = YES;
				COPY_PHASE_STRIP = NO;
				DEBUG_INFORMATION_FORMAT = dwarf;
				ENABLE_STRICT_OBJC_MSGSEND = YES;
				ENABLE_TESTABILITY = YES;
				GCC_C_LANGUAGE_STANDARD = gnu11;
				GCC_DYNAMIC_NO_PIC = NO;
				GCC_NO_COMMON_BLOCKS = YES;
				GCC_OPTIMIZATION_LEVEL = 0;
				GCC_PREPROCESSOR_DEFINITIONS = (
					"DEBUG=1",
					"$(inherited)",
				);
				GCC_WARN_64_TO_32_BIT_CONVERSION = YES;
				GCC_WARN_ABOUT_RETURN_TYPE = YES_ERROR;
				GCC_WARN_UNDECLARED_SELECTOR = YES;
				GCC_WARN_UNINITIALIZED_AUTOS = YES_AGGRESSIVE;
				GCC_WARN_UNUSED_FUNCTION = YES;
				GCC_WARN_UNUSED_VARIABLE = YES;
				IPHONEOS_DEPLOYMENT_TARGET = 13.2;
				MTL_ENABLE_DEBUG_INFO = INCLUDE_SOURCE;
				MTL_FAST_MATH = YES;
				ONLY_ACTIVE_ARCH = YES;
				SDKROOT = iphoneos;
			};
			name = Debug;
		};
		956888E623FC02C20079B5CA /* Release */ = {
			isa = XCBuildConfiguration;
			buildSettings = {
				ALWAYS_SEARCH_USER_PATHS = NO;
				CLANG_ANALYZER_NONNULL = YES;
				CLANG_ANALYZER_NUMBER_OBJECT_CONVERSION = YES_AGGRESSIVE;
				CLANG_CXX_LANGUAGE_STANDARD = "gnu++14";
				CLANG_CXX_LIBRARY = "libc++";
				CLANG_ENABLE_MODULES = YES;
				CLANG_ENABLE_OBJC_ARC = YES;
				CLANG_ENABLE_OBJC_WEAK = YES;
				CLANG_WARN_BLOCK_CAPTURE_AUTORELEASING = YES;
				CLANG_WARN_BOOL_CONVERSION = YES;
				CLANG_WARN_COMMA = YES;
				CLANG_WARN_CONSTANT_CONVERSION = YES;
				CLANG_WARN_DEPRECATED_OBJC_IMPLEMENTATIONS = YES;
				CLANG_WARN_DIRECT_OBJC_ISA_USAGE = YES_ERROR;
				CLANG_WARN_DOCUMENTATION_COMMENTS = YES;
				CLANG_WARN_EMPTY_BODY = YES;
				CLANG_WARN_ENUM_CONVERSION = YES;
				CLANG_WARN_INFINITE_RECURSION = YES;
				CLANG_WARN_INT_CONVERSION = YES;
				CLANG_WARN_NON_LITERAL_NULL_CONVERSION = YES;
				CLANG_WARN_OBJC_IMPLICIT_RETAIN_SELF = YES;
				CLANG_WARN_OBJC_LITERAL_CONVERSION = YES;
				CLANG_WARN_OBJC_ROOT_CLASS = YES_ERROR;
				CLANG_WARN_RANGE_LOOP_ANALYSIS = YES;
				CLANG_WARN_STRICT_PROTOTYPES = YES;
				CLANG_WARN_SUSPICIOUS_MOVE = YES;
				CLANG_WARN_UNGUARDED_AVAILABILITY = YES_AGGRESSIVE;
				CLANG_WARN_UNREACHABLE_CODE = YES;
				CLANG_WARN__DUPLICATE_METHOD_MATCH = YES;
				COPY_PHASE_STRIP = NO;
				DEBUG_INFORMATION_FORMAT = "dwarf-with-dsym";
				ENABLE_NS_ASSERTIONS = NO;
				ENABLE_STRICT_OBJC_MSGSEND = YES;
				GCC_C_LANGUAGE_STANDARD = gnu11;
				GCC_NO_COMMON_BLOCKS = YES;
				GCC_WARN_64_TO_32_BIT_CONVERSION = YES;
				GCC_WARN_ABOUT_RETURN_TYPE = YES_ERROR;
				GCC_WARN_UNDECLARED_SELECTOR = YES;
				GCC_WARN_UNINITIALIZED_AUTOS = YES_AGGRESSIVE;
				GCC_WARN_UNUSED_FUNCTION = YES;
				GCC_WARN_UNUSED_VARIABLE = YES;
				IPHONEOS_DEPLOYMENT_TARGET = 13.2;
				MTL_ENABLE_DEBUG_INFO = NO;
				MTL_FAST_MATH = YES;
				SDKROOT = iphoneos;
				VALIDATE_PRODUCT = YES;
			};
			name = Release;
		};
		956888E823FC02C20079B5CA /* Debug */ = {
			isa = XCBuildConfiguration;
			buildSettings = {
				ASSETCATALOG_COMPILER_APPICON_NAME = AppIcon;
				CODE_SIGN_STYLE = Automatic;
				ENABLE_STRICT_OBJC_MSGSEND = NO;
				INFOPLIST_FILE = BLKVO/Info.plist;
				IPHONEOS_DEPLOYMENT_TARGET = 10.0;
				LD_RUNPATH_SEARCH_PATHS = (
					"$(inherited)",
					"@executable_path/Frameworks",
				);
				PRODUCT_BUNDLE_IDENTIFIER = com.louis.BLKVO;
				PRODUCT_NAME = "$(TARGET_NAME)";
				TARGETED_DEVICE_FAMILY = "1,2";
			};
			name = Debug;
		};
		956888E923FC02C20079B5CA /* Release */ = {
			isa = XCBuildConfiguration;
			buildSettings = {
				ASSETCATALOG_COMPILER_APPICON_NAME = AppIcon;
				CODE_SIGN_STYLE = Automatic;
				ENABLE_STRICT_OBJC_MSGSEND = NO;
				INFOPLIST_FILE = BLKVO/Info.plist;
				IPHONEOS_DEPLOYMENT_TARGET = 10.0;
				LD_RUNPATH_SEARCH_PATHS = (
					"$(inherited)",
					"@executable_path/Frameworks",
				);
				PRODUCT_BUNDLE_IDENTIFIER = com.louis.BLKVO;
				PRODUCT_NAME = "$(TARGET_NAME)";
				TARGETED_DEVICE_FAMILY = "1,2";
			};
			name = Release;
		};
/* End XCBuildConfiguration section */

/* Begin XCConfigurationList section */
		956888C923FC02C00079B5CA /* Build configuration list for PBXProject "BLKVO" */ = {
			isa = XCConfigurationList;
			buildConfigurations = (
				956888E523FC02C20079B5CA /* Debug */,
				956888E623FC02C20079B5CA /* Release */,
			);
			defaultConfigurationIsVisible = 0;
			defaultConfigurationName = Release;
		};
		956888E723FC02C20079B5CA /* Build configuration list for PBXNativeTarget "BLKVO" */ = {
			isa = XCConfigurationList;
			buildConfigurations = (
				956888E823FC02C20079B5CA /* Debug */,
				956888E923FC02C20079B5CA /* Release */,
			);
			defaultConfigurationIsVisible = 0;
			defaultConfigurationName = Release;
		};
/* End XCConfigurationList section */
	};
	rootObject = 956888C623FC02C00079B5CA /* Project object */;
}
